{
    "_readme": [
        "This file locks the dependencies of your project to a known state",
        "Read more about it at https://getcomposer.org/doc/01-basic-usage.md#composer-lock-the-lock-file",
        "This file is @generated automatically"
    ],
    "hash": "6960ea7bf663d3e2d6f4c3f7da0a03b7",
    "content-hash": "207962b8dd48c0c8dcac826fb39b0996",
    "packages": [
        {
            "name": "anlutro/curl",
            "version": "1.4.2",
            "source": {
                "type": "git",
                "url": "https://github.com/anlutro/php-curl.git",
                "reference": "482c85b3e1635146ae967340b17a22b10c1aae80"
            },
            "dist": {
                "type": "zip",
                "url": "https://files.phpcomposer.com/files/anlutro/php-curl/482c85b3e1635146ae967340b17a22b10c1aae80.zip",
                "reference": "482c85b3e1635146ae967340b17a22b10c1aae80",
                "shasum": ""
            },
            "require": {
                "php": ">=5.3.0"
            },
            "require-dev": {
                "mockery/mockery": "0.9.*"
            },
            "type": "library",
            "autoload": {
                "psr-4": {
                    "anlutro\\cURL\\": "src/"
                }
            },
            "notification-url": "https://packagist.org/downloads/",
            "license": [
                "MIT"
            ],
            "authors": [
                {
                    "name": "Andreas Lutro",
                    "email": "anlutro@gmail.com"
                }
            ],
            "description": "Simple OOP cURL wrapper.",
            "time": "2016-03-23 16:09:50"
        }
    ],
    "packages-dev": [],
    "aliases": [],
    "minimum-stability": "stable",
    "stability-flags": [],
    "prefer-stable": false,
    "prefer-lowest": false,
    "platform": [],
    "platform-dev": []
}
